
Microsoft Visual Studio Solution File, Format Version 12.00
# Visual Studio 15
VisualStudioVersion = 15.0.26730.12
MinimumVisualStudioVersion = 10.0.40219.1
Project("{2150E333-8FDC-42A3-9474-1A3956D46DE8}") = "20.WebApi", "20.WebApi", "{AFCD2C53-B9B0-427E-99C1-D4769A3E1465}"
EndProject
Project("{2150E333-8FDC-42A3-9474-1A3956D46DE8}") = "40.DataAccess", "40.DataAccess", "{482416E6-C927-4AE5-9E0B-7B2D20692BB1}"
EndProject
Project("{2150E333-8FDC-42A3-9474-1A3956D46DE8}") = "30.BLL", "30.BLL", "{A9842741-16CD-481D-BB3C-BE021C01D62E}"
EndProject
Project("{FAE04EC0-301F-11D3-BF4B-00C04F79EFBC}") = "WebApi", "WebApi\WebApi.csproj", "{DD1D984E-A0EE-42D7-B4BC-EFD8CE732FE7}"
EndProject
Project("{FAE04EC0-301F-11D3-BF4B-00C04F79EFBC}") = "BLL", "BLL\BLL.csproj", "{CE80FD1D-37A2-429E-A342-A77AD9B08B99}"
EndProject
Project("{FAE04EC0-301F-11D3-BF4B-00C04F79EFBC}") = "DAL", "DAL\DAL.csproj", "{198A9E76-E0D1-46BB-B4F2-C60919F965E6}"
EndProject
Project("{2150E333-8FDC-42A3-9474-1A3956D46DE8}") = "10.VuePage", "10.VuePage", "{35EE54E1-6CB5-4B5E-88C5-8751C0DF9C12}"
EndProject
Project("{FAE04EC0-301F-11D3-BF4B-00C04F79EFBC}") = "VuePage", "VuePage\VuePage.csproj", "{BAAC62CA-D8CE-43B8-A7BA-25DEA3903088}"
EndProject
Global
	GlobalSection(SolutionConfigurationPlatforms) = preSolution
		Debug|Any CPU = Debug|Any CPU
		Release|Any CPU = Release|Any CPU
	EndGlobalSection
	GlobalSection(ProjectConfigurationPlatforms) = postSolution
		{DD1D984E-A0EE-42D7-B4BC-EFD8CE732FE7}.Debug|Any CPU.ActiveCfg = Debug|Any CPU
		{DD1D984E-A0EE-42D7-B4BC-EFD8CE732FE7}.Debug|Any CPU.Build.0 = Debug|Any CPU
		{DD1D984E-A0EE-42D7-B4BC-EFD8CE732FE7}.Release|Any CPU.ActiveCfg = Release|Any CPU
		{DD1D984E-A0EE-42D7-B4BC-EFD8CE732FE7}.Release|Any CPU.Build.0 = Release|Any CPU
		{CE80FD1D-37A2-429E-A342-A77AD9B08B99}.Debug|Any CPU.ActiveCfg = Debug|Any CPU
		{CE80FD1D-37A2-429E-A342-A77AD9B08B99}.Debug|Any CPU.Build.0 = Debug|Any CPU
		{CE80FD1D-37A2-429E-A342-A77AD9B08B99}.Release|Any CPU.ActiveCfg = Release|Any CPU
		{CE80FD1D-37A2-429E-A342-A77AD9B08B99}.Release|Any CPU.Build.0 = Release|Any CPU
		{198A9E76-E0D1-46BB-B4F2-C60919F965E6}.Debug|Any CPU.ActiveCfg = Debug|Any CPU
		{198A9E76-E0D1-46BB-B4F2-C60919F965E6}.Debug|Any CPU.Build.0 = Debug|Any CPU
		{198A9E76-E0D1-46BB-B4F2-C60919F965E6}.Release|Any CPU.ActiveCfg = Release|Any CPU
		{198A9E76-E0D1-46BB-B4F2-C60919F965E6}.Release|Any CPU.Build.0 = Release|Any CPU
		{BAAC62CA-D8CE-43B8-A7BA-25DEA3903088}.Debug|Any CPU.ActiveCfg = Debug|Any CPU
		{BAAC62CA-D8CE-43B8-A7BA-25DEA3903088}.Debug|Any CPU.Build.0 = Debug|Any CPU
		{BAAC62CA-D8CE-43B8-A7BA-25DEA3903088}.Release|Any CPU.ActiveCfg = Release|Any CPU
		{BAAC62CA-D8CE-43B8-A7BA-25DEA3903088}.Release|Any CPU.Build.0 = Release|Any CPU
	EndGlobalSection
	GlobalSection(SolutionProperties) = preSolution
		HideSolutionNode = FALSE
	EndGlobalSection
	GlobalSection(NestedProjects) = preSolution
		{DD1D984E-A0EE-42D7-B4BC-EFD8CE732FE7} = {AFCD2C53-B9B0-427E-99C1-D4769A3E1465}
		{CE80FD1D-37A2-429E-A342-A77AD9B08B99} = {A9842741-16CD-481D-BB3C-BE021C01D62E}
		{198A9E76-E0D1-46BB-B4F2-C60919F965E6} = {482416E6-C927-4AE5-9E0B-7B2D20692BB1}
		{BAAC62CA-D8CE-43B8-A7BA-25DEA3903088} = {35EE54E1-6CB5-4B5E-88C5-8751C0DF9C12}
	EndGlobalSection
	GlobalSection(ExtensibilityGlobals) = postSolution
		SolutionGuid = {23FF2366-4F9B-472A-B498-819B7A0FAF94}
	EndGlobalSection
EndGlobal
